// !$*UTF8*$!
{
	archiveVersion = 1;
	classes = {
	};
	objectVersion = 48;
	objects = {

/* Begin PBXBuildFile section */
		33813DB720074005000E4FD8 /* ProductCell.swift in Sources */ = {isa = PBXBuildFile; fileRef = 33813DB620074005000E4FD8 /* ProductCell.swift */; };
		33813DB920074603000E4FD8 /* Product.swift in Sources */ = {isa = PBXBuildFile; fileRef = 33813DB820074603000E4FD8 /* Product.swift */; };
		33813DBB200766D9000E4FD8 /* ProductVC.swift in Sources */ = {isa = PBXBuildFile; fileRef = 33813DBA200766D9000E4FD8 /* ProductVC.swift */; };
		3390A6CA2005F21D00D8CC27 /* AppDelegate.swift in Sources */ = {isa = PBXBuildFile; fileRef = 3390A6C92005F21D00D8CC27 /* AppDelegate.swift */; };
		3390A6CC2005F21D00D8CC27 /* CategoryVC.swift in Sources */ = {isa = PBXBuildFile; fileRef = 3390A6CB2005F21D00D8CC27 /* CategoryVC.swift */; };
		3390A6CF2005F21D00D8CC27 /* Main.storyboard in Resources */ = {isa = PBXBuildFile; fileRef = 3390A6CD2005F21D00D8CC27 /* Main.storyboard */; };
		3390A6D12005F21D00D8CC27 /* Assets.xcassets in Resources */ = {isa = PBXBuildFile; fileRef = 3390A6D02005F21D00D8CC27 /* Assets.xcassets */; };
		3390A6D42005F21D00D8CC27 /* LaunchScreen.storyboard in Resources */ = {isa = PBXBuildFile; fileRef = 3390A6D22005F21D00D8CC27 /* LaunchScreen.storyboard */; };
		3390A6E02005F76B00D8CC27 /* CategoryViewCell.swift in Sources */ = {isa = PBXBuildFile; fileRef = 3390A6DF2005F76B00D8CC27 /* CategoryViewCell.swift */; };
		3390A6E22005F9DF00D8CC27 /* Category.swift in Sources */ = {isa = PBXBuildFile; fileRef = 3390A6E12005F9DF00D8CC27 /* Category.swift */; };
		3390A6E520060D1100D8CC27 /* DataService.swift in Sources */ = {isa = PBXBuildFile; fileRef = 3390A6E420060D1100D8CC27 /* DataService.swift */; };
/* End PBXBuildFile section */

/* Begin PBXFileReference section */
		33813DB620074005000E4FD8 /* ProductCell.swift */ = {isa = PBXFileReference; lastKnownFileType = sourcecode.swift; path = ProductCell.swift; sourceTree = "<group>"; };
		33813DB820074603000E4FD8 /* Product.swift */ = {isa = PBXFileReference; lastKnownFileType = sourcecode.swift; path = Product.swift; sourceTree = "<group>"; };
		33813DBA200766D9000E4FD8 /* ProductVC.swift */ = {isa = PBXFileReference; lastKnownFileType = sourcecode.swift; path = ProductVC.swift; sourceTree = "<group>"; };
		3390A6C62005F21D00D8CC27 /* CoderSwage.app */ = {isa = PBXFileReference; explicitFileType = wrapper.application; includeInIndex = 0; path = CoderSwage.app; sourceTree = BUILT_PRODUCTS_DIR; };
		3390A6C92005F21D00D8CC27 /* AppDelegate.swift */ = {isa = PBXFileReference; lastKnownFileType = sourcecode.swift; path = AppDelegate.swift; sourceTree = "<group>"; };
		3390A6CB2005F21D00D8CC27 /* CategoryVC.swift */ = {isa = PBXFileReference; lastKnownFileType = sourcecode.swift; path = CategoryVC.swift; sourceTree = "<group>"; };
		3390A6CE2005F21D00D8CC27 /* Base */ = {isa = PBXFileReference; lastKnownFileType = file.storyboard; name = Base; path = Base.lproj/Main.storyboard; sourceTree = "<group>"; };
		3390A6D02005F21D00D8CC27 /* Assets.xcassets */ = {isa = PBXFileReference; lastKnownFileType = folder.assetcatalog; path = Assets.xcassets; sourceTree = "<group>"; };
		3390A6D32005F21D00D8CC27 /* Base */ = {isa = PBXFileReference; lastKnownFileType = file.storyboard; name = Base; path = Base.lproj/LaunchScreen.storyboard; sourceTree = "<group>"; };
		3390A6D52005F21D00D8CC27 /* Info.plist */ = {isa = PBXFileReference; lastKnownFileType = text.plist.xml; path = Info.plist; sourceTree = "<group>"; };
		3390A6DF2005F76B00D8CC27 /* CategoryViewCell.swift */ = {isa = PBXFileReference; lastKnownFileType = sourcecode.swift; path = CategoryViewCell.swift; sourceTree = "<group>"; };
		3390A6E12005F9DF00D8CC27 /* Category.swift */ = {isa = PBXFileReference; lastKnownFileType = sourcecode.swift; path = Category.swift; sourceTree = "<group>"; };
		3390A6E420060D1100D8CC27 /* DataService.swift */ = {isa = PBXFileReference; lastKnownFileType = sourcecode.swift; path = DataService.swift; sourceTree = "<group>"; };
/* End PBXFileReference section */

/* Begin PBXFrameworksBuildPhase section */
		3390A6C32005F21D00D8CC27 /* Frameworks */ = {
			isa = PBXFrameworksBuildPhase;
			buildActionMask = 2147483647;
			files = (
			);
			runOnlyForDeploymentPostprocessing = 0;
		};
/* End PBXFrameworksBuildPhase section */

/* Begin PBXGroup section */
		3390A6BD2005F21D00D8CC27 = {
			isa = PBXGroup;
			children = (
				3390A6C82005F21D00D8CC27 /* CoderSwage */,
				3390A6C72005F21D00D8CC27 /* Products */,
			);
			sourceTree = "<group>";
		};
		3390A6C72005F21D00D8CC27 /* Products */ = {
			isa = PBXGroup;
			children = (
				3390A6C62005F21D00D8CC27 /* CoderSwage.app */,
			);
			name = Products;
			sourceTree = "<group>";
		};
		3390A6C82005F21D00D8CC27 /* CoderSwage */ = {
			isa = PBXGroup;
			children = (
				3390A6E320060D0000D8CC27 /* Service */,
				3390A6DE2005F24B00D8CC27 /* Controller */,
				3390A6DD2005F24500D8CC27 /* Model */,
				3390A6DB2005F23400D8CC27 /* Views */,
				3390A6C92005F21D00D8CC27 /* AppDelegate.swift */,
				3390A6CD2005F21D00D8CC27 /* Main.storyboard */,
				3390A6D02005F21D00D8CC27 /* Assets.xcassets */,
				3390A6D22005F21D00D8CC27 /* LaunchScreen.storyboard */,
				3390A6D52005F21D00D8CC27 /* Info.plist */,
			);
			path = CoderSwage;
			sourceTree = "<group>";
		};
		3390A6DB2005F23400D8CC27 /* Views */ = {
			isa = PBXGroup;
			children = (
				3390A6DF2005F76B00D8CC27 /* CategoryViewCell.swift */,
				33813DB620074005000E4FD8 /* ProductCell.swift */,
			);
			path = Views;
			sourceTree = "<group>";
		};
		3390A6DD2005F24500D8CC27 /* Model */ = {
			isa = PBXGroup;
			children = (
				3390A6E12005F9DF00D8CC27 /* Category.swift */,
				33813DB820074603000E4FD8 /* Product.swift */,
			);
			path = Model;
			sourceTree = "<group>";
		};
		3390A6DE2005F24B00D8CC27 /* Controller */ = {
			isa = PBXGroup;
			children = (
				3390A6CB2005F21D00D8CC27 /* CategoryVC.swift */,
				33813DBA200766D9000E4FD8 /* ProductVC.swift */,
			);
			path = Controller;
			sourceTree = "<group>";
		};
		3390A6E320060D0000D8CC27 /* Service */ = {
			isa = PBXGroup;
			children = (
				3390A6E420060D1100D8CC27 /* DataService.swift */,
			);
			path = Service;
			sourceTree = "<group>";
		};
/* End PBXGroup section */

/* Begin PBXNativeTarget section */
		3390A6C52005F21D00D8CC27 /* CoderSwage */ = {
			isa = PBXNativeTarget;
			buildConfigurationList = 3390A6D82005F21D00D8CC27 /* Build configuration list for PBXNativeTarget "CoderSwage" */;
			buildPhases = (
				3390A6C22005F21D00D8CC27 /* Sources */,
				3390A6C32005F21D00D8CC27 /* Frameworks */,
				3390A6C42005F21D00D8CC27 /* Resources */,
			);
			buildRules = (
			);
			dependencies = (
			);
			name = CoderSwage;
			productName = CoderSwage;
			productReference = 3390A6C62005F21D00D8CC27 /* CoderSwage.app */;
			productType = "com.apple.product-type.application";
		};
/* End PBXNativeTarget section */

/* Begin PBXProject section */
		3390A6BE2005F21D00D8CC27 /* Project object */ = {
			isa = PBXProject;
			attributes = {
				LastSwiftUpdateCheck = 0920;
				LastUpgradeCheck = 0920;
				ORGANIZATIONNAME = SwageClothes;
				TargetAttributes = {
					3390A6C52005F21D00D8CC27 = {
						CreatedOnToolsVersion = 9.2;
						ProvisioningStyle = Automatic;
					};
				};
			};
			buildConfigurationList = 3390A6C12005F21D00D8CC27 /* Build configuration list for PBXProject "CoderSwage" */;
			compatibilityVersion = "Xcode 8.0";
			developmentRegion = en;
			hasScannedForEncodings = 0;
			knownRegions = (
				en,
				Base,
			);
			mainGroup = 3390A6BD2005F21D00D8CC27;
			productRefGroup = 3390A6C72005F21D00D8CC27 /* Products */;
			projectDirPath = "";
			projectRoot = "";
			targets = (
				3390A6C52005F21D00D8CC27 /* CoderSwage */,
			);
		};
/* End PBXProject section */

/* Begin PBXResourcesBuildPhase section */
		3390A6C42005F21D00D8CC27 /* Resources */ = {
			isa = PBXResourcesBuildPhase;
			buildActionMask = 2147483647;
			files = (
				3390A6D42005F21D00D8CC27 /* LaunchScreen.storyboard in Resources */,
				3390A6D12005F21D00D8CC27 /* Assets.xcassets in Resources */,
				3390A6CF2005F21D00D8CC27 /* Main.storyboard in Resources */,
			);
			runOnlyForDeploymentPostprocessing = 0;
		};
/* End PBXResourcesBuildPhase section */

/* Begin PBXSourcesBuildPhase section */
		3390A6C22005F21D00D8CC27 /* Sources */ = {
			isa = PBXSourcesBuildPhase;
			buildActionMask = 2147483647;
			files = (
				3390A6CC2005F21D00D8CC27 /* CategoryVC.swift in Sources */,
				3390A6E02005F76B00D8CC27 /* CategoryViewCell.swift in Sources */,
				33813DB920074603000E4FD8 /* Product.swift in Sources */,
				3390A6CA2005F21D00D8CC27 /* AppDelegate.swift in Sources */,
				33813DBB200766D9000E4FD8 /* ProductVC.swift in Sources */,
				33813DB720074005000E4FD8 /* ProductCell.swift in Sources */,
				3390A6E22005F9DF00D8CC27 /* Category.swift in Sources */,
				3390A6E520060D1100D8CC27 /* DataService.swift in Sources */,
			);
			runOnlyForDeploymentPostprocessing = 0;
		};
/* End PBXSourcesBuildPhase section */

/* Begin PBXVariantGroup section */
		3390A6CD2005F21D00D8CC27 /* Main.storyboard */ = {
			isa = PBXVariantGroup;
			children = (
				3390A6CE2005F21D00D8CC27 /* Base */,
			);
			name = Main.storyboard;
			sourceTree = "<group>";
		};
		3390A6D22005F21D00D8CC27 /* LaunchScreen.storyboard */ = {
			isa = PBXVariantGroup;
			children = (
				3390A6D32005F21D00D8CC27 /* Base */,
			);
			name = LaunchScreen.storyboard;
			sourceTree = "<group>";
		};
/* End PBXVariantGroup section */

/* Begin XCBuildConfiguration section */
		3390A6D62005F21D00D8CC27 /* Debug */ = {
			isa = XCBuildConfiguration;
			buildSettings = {
				ALWAYS_SEARCH_USER_PATHS = NO;
				CLANG_ANALYZER_NONNULL = YES;
				CLANG_ANALYZER_NUMBER_OBJECT_CONVERSION = YES_AGGRESSIVE;
				CLANG_CXX_LANGUAGE_STANDARD = "gnu++14";
				CLANG_CXX_LIBRARY = "libc++";
				CLANG_ENABLE_MODULES = YES;
				CLANG_ENABLE_OBJC_ARC = YES;
				CLANG_WARN_BLOCK_CAPTURE_AUTORELEASING = YES;
				CLANG_WARN_BOOL_CONVERSION = YES;
				CLANG_WARN_COMMA = YES;
				CLANG_WARN_CONSTANT_CONVERSION = YES;
				CLANG_WARN_DIRECT_OBJC_ISA_USAGE = YES_ERROR;
				CLANG_WARN_DOCUMENTATION_COMMENTS = YES;
				CLANG_WARN_EMPTY_BODY = YES;
				CLANG_WARN_ENUM_CONVERSION = YES;
				CLANG_WARN_INFINITE_RECURSION = YES;
				CLANG_WARN_INT_CONVERSION = YES;
				CLANG_WARN_NON_LITERAL_NULL_CONVERSION = YES;
				CLANG_WARN_OBJC_LITERAL_CONVERSION = YES;
				CLANG_WARN_OBJC_ROOT_CLASS = YES_ERROR;
				CLANG_WARN_RANGE_LOOP_ANALYSIS = YES;
				CLANG_WARN_STRICT_PROTOTYPES = YES;
				CLANG_WARN_SUSPICIOUS_MOVE = YES;
				CLANG_WARN_UNGUARDED_AVAILABILITY = YES_AGGRESSIVE;
				CLANG_WARN_UNREACHABLE_CODE = YES;
				CLANG_WARN__DUPLICATE_METHOD_MATCH = YES;
				CODE_SIGN_IDENTITY = "iPhone Developer";
				COPY_PHASE_STRIP = NO;
				DEBUG_INFORMATION_FORMAT = dwarf;
				ENABLE_STRICT_OBJC_MSGSEND = YES;
				ENABLE_TESTABILITY = YES;
				GCC_C_LANGUAGE_STANDARD = gnu11;
				GCC_DYNAMIC_NO_PIC = NO;
				GCC_NO_COMMON_BLOCKS = YES;
				GCC_OPTIMIZATION_LEVEL = 0;
				GCC_PREPROCESSOR_DEFINITIONS = (
					"DEBUG=1",
					"$(inherited)",
				);
				GCC_WARN_64_TO_32_BIT_CONVERSION = YES;
				GCC_WARN_ABOUT_RETURN_TYPE = YES_ERROR;
				GCC_WARN_UNDECLARED_SELECTOR = YES;
				GCC_WARN_UNINITIALIZED_AUTOS = YES_AGGRESSIVE;
				GCC_WARN_UNUSED_FUNCTION = YES;
				GCC_WARN_UNUSED_VARIABLE = YES;
				IPHONEOS_DEPLOYMENT_TARGET = 11.2;
				MTL_ENABLE_DEBUG_INFO = YES;
				ONLY_ACTIVE_ARCH = YES;
				SDKROOT = iphoneos;
				SWIFT_ACTIVE_COMPILATION_CONDITIONS = DEBUG;
				SWIFT_OPTIMIZATION_LEVEL = "-Onone";
			};
			name = Debug;
		};
		3390A6D72005F21D00D8CC27 /* Release */ = {
			isa = XCBuildConfiguration;
			buildSettings = {
				ALWAYS_SEARCH_USER_PATHS = NO;
				CLANG_ANALYZER_NONNULL = YES;
				CLANG_ANALYZER_NUMBER_OBJECT_CONVERSION = YES_AGGRESSIVE;
				CLANG_CXX_LANGUAGE_STANDARD = "gnu++14";
				CLANG_CXX_LIBRARY = "libc++";
				CLANG_ENABLE_MODULES = YES;
				CLANG_ENABLE_OBJC_ARC = YES;
				CLANG_WARN_BLOCK_CAPTURE_AUTORELEASING = YES;
				CLANG_WARN_BOOL_CONVERSION = YES;
				CLANG_WARN_COMMA = YES;
				CLANG_WARN_CONSTANT_CONVERSION = YES;
				CLANG_WARN_DIRECT_OBJC_ISA_USAGE = YES_ERROR;
				CLANG_WARN_DOCUMENTATION_COMMENTS = YES;
				CLANG_WARN_EMPTY_BODY = YES;
				CLANG_WARN_ENUM_CONVERSION = YES;
				CLANG_WARN_INFINITE_RECURSION = YES;
				CLANG_WARN_INT_CONVERSION = YES;
				CLANG_WARN_NON_LITERAL_NULL_CONVERSION = YES;
				CLANG_WARN_OBJC_LITERAL_CONVERSION = YES;
				CLANG_WARN_OBJC_ROOT_CLASS = YES_ERROR;
				CLANG_WARN_RANGE_LOOP_ANALYSIS = YES;
				CLANG_WARN_STRICT_PROTOTYPES = YES;
				CLANG_WARN_SUSPICIOUS_MOVE = YES;
				CLANG_WARN_UNGUARDED_AVAILABILITY = YES_AGGRESSIVE;
				CLANG_WARN_UNREACHABLE_CODE = YES;
				CLANG_WARN__DUPLICATE_METHOD_MATCH = YES;
				CODE_SIGN_IDENTITY = "iPhone Developer";
				COPY_PHASE_STRIP = NO;
				DEBUG_INFORMATION_FORMAT = "dwarf-with-dsym";
				ENABLE_NS_ASSERTIONS = NO;
				ENABLE_STRICT_OBJC_MSGSEND = YES;
				GCC_C_LANGUAGE_STANDARD = gnu11;
				GCC_NO_COMMON_BLOCKS = YES;
				GCC_WARN_64_TO_32_BIT_CONVERSION = YES;
				GCC_WARN_ABOUT_RETURN_TYPE = YES_ERROR;
				GCC_WARN_UNDECLARED_SELECTOR = YES;
				GCC_WARN_UNINITIALIZED_AUTOS = YES_AGGRESSIVE;
				GCC_WARN_UNUSED_FUNCTION = YES;
				GCC_WARN_UNUSED_VARIABLE = YES;
				IPHONEOS_DEPLOYMENT_TARGET = 11.2;
				MTL_ENABLE_DEBUG_INFO = NO;
				SDKROOT = iphoneos;
				SWIFT_OPTIMIZATION_LEVEL = "-Owholemodule";
				VALIDATE_PRODUCT = YES;
			};
			name = Release;
		};
		3390A6D92005F21D00D8CC27 /* Debug */ = {
			isa = XCBuildConfiguration;
			buildSettings = {
				ASSETCATALOG_COMPILER_APPICON_NAME = AppIcon;
				CODE_SIGN_STYLE = Automatic;
				DEVELOPMENT_TEAM = EYADQULRBU;
				INFOPLIST_FILE = CoderSwage/Info.plist;
				IPHONEOS_DEPLOYMENT_TARGET = 9.2;
				LD_RUNPATH_SEARCH_PATHS = "$(inherited) @executable_path/Frameworks";
				PRODUCT_BUNDLE_IDENTIFIER = "window-shooper.CoderSwage";
				PRODUCT_NAME = "$(TARGET_NAME)";
				SWIFT_VERSION = 4.0;
				TARGETED_DEVICE_FAMILY = "1,2";
			};
			name = Debug;
		};
		3390A6DA2005F21D00D8CC27 /* Release */ = {
			isa = XCBuildConfiguration;
			buildSettings = {
				ASSETCATALOG_COMPILER_APPICON_NAME = AppIcon;
				CODE_SIGN_STYLE = Automatic;
				DEVELOPMENT_TEAM = EYADQULRBU;
				INFOPLIST_FILE = CoderSwage/Info.plist;
				IPHONEOS_DEPLOYMENT_TARGET = 9.2;
				LD_RUNPATH_SEARCH_PATHS = "$(inherited) @executable_path/Frameworks";
				PRODUCT_BUNDLE_IDENTIFIER = "window-shooper.CoderSwage";
				PRODUCT_NAME = "$(TARGET_NAME)";
				SWIFT_VERSION = 4.0;
				TARGETED_DEVICE_FAMILY = "1,2";
			};
			name = Release;
		};
/* End XCBuildConfiguration section */

/* Begin XCConfigurationList section */
		3390A6C12005F21D00D8CC27 /* Build configuration list for PBXProject "CoderSwage" */ = {
			isa = XCConfigurationList;
			buildConfigurations = (
				3390A6D62005F21D00D8CC27 /* Debug */,
				3390A6D72005F21D00D8CC27 /* Release */,
			);
			defaultConfigurationIsVisible = 0;
			defaultConfigurationName = Release;
		};
		3390A6D82005F21D00D8CC27 /* Build configuration list for PBXNativeTarget "CoderSwage" */ = {
			isa = XCConfigurationList;
			buildConfigurations = (
				3390A6D92005F21D00D8CC27 /* Debug */,
				3390A6DA2005F21D00D8CC27 /* Release */,
			);
			defaultConfigurationIsVisible = 0;
			defaultConfigurationName = Release;
		};
/* End XCConfigurationList section */
	};
	rootObject = 3390A6BE2005F21D00D8CC27 /* Project object */;
}
